{
  "originHash" : "3b524a759839cd4c4642f748fb8064d8aa16ee4bc0d203584dc8c4580ed449f3",
  "pins" : [
    {
      "identity" : "browseravailability",
      "kind" : "remoteSourceControl",
      "location" : "https://github.com/timtwotoes/BrowserAvailability",
      "state" : {
        "revision" : "ce138bde8e65b9adbc20ba3fd65e7fa4a4a343b5",
        "version" : "1.1.1"
      }
    }
  ],
  "version" : 3
}
