// !$*UTF8*$!
{
	archiveVersion = 1;
	classes = {
	};
	objectVersion = 56;
	objects = {

/* Begin PBXBuildFile section */
		E99C10FB2BC7066600EC3BFA /* BrowserEntry.swift in Sources */ = {isa = PBXBuildFile; fileRef = E99C10FA2BC7066600EC3BFA /* BrowserEntry.swift */; };
		E99C10FD2BC70CCE00EC3BFA /* BrowserDetector.swift in Sources */ = {isa = PBXBuildFile; fileRef = E99C10FC2BC70CCE00EC3BFA /* BrowserDetector.swift */; };
		E9AD66B82BC45EE2004C6B4C /* BrowserPickerApp.swift in Sources */ = {isa = PBXBuildFile; fileRef = E9AD66B72BC45EE2004C6B4C /* BrowserPickerApp.swift */; };
		E9AD66BA2BC45EE2004C6B4C /* ContentView.swift in Sources */ = {isa = PBXBuildFile; fileRef = E9AD66B92BC45EE2004C6B4C /* ContentView.swift */; };
		E9AD66BC2BC45EE3004C6B4C /* Assets.xcassets in Resources */ = {isa = PBXBuildFile; fileRef = E9AD66BB2BC45EE3004C6B4C /* Assets.xcassets */; };
		E9AD66BF2BC45EE3004C6B4C /* Preview Assets.xcassets in Resources */ = {isa = PBXBuildFile; fileRef = E9AD66BE2BC45EE3004C6B4C /* Preview Assets.xcassets */; };
		E9AD66C82BC460B8004C6B4C /* BrowserAvailability in Frameworks */ = {isa = PBXBuildFile; productRef = E9AD66C72BC460B8004C6B4C /* BrowserAvailability */; };
/* End PBXBuildFile section */

/* Begin PBXFileReference section */
		E99C10FA2BC7066600EC3BFA /* BrowserEntry.swift */ = {isa = PBXFileReference; lastKnownFileType = sourcecode.swift; path = BrowserEntry.swift; sourceTree = "<group>"; };
		E99C10FC2BC70CCE00EC3BFA /* BrowserDetector.swift */ = {isa = PBXFileReference; lastKnownFileType = sourcecode.swift; path = BrowserDetector.swift; sourceTree = "<group>"; };
		E99C11022BC743CC00EC3BFA /* README.md */ = {isa = PBXFileReference; lastKnownFileType = net.daringfireball.markdown; path = README.md; sourceTree = "<group>"; };
		E9AD66B42BC45EE2004C6B4C /* BrowserPicker.app */ = {isa = PBXFileReference; explicitFileType = wrapper.application; includeInIndex = 0; path = BrowserPicker.app; sourceTree = BUILT_PRODUCTS_DIR; };
		E9AD66B72BC45EE2004C6B4C /* BrowserPickerApp.swift */ = {isa = PBXFileReference; lastKnownFileType = sourcecode.swift; path = BrowserPickerApp.swift; sourceTree = "<group>"; };
		E9AD66B92BC45EE2004C6B4C /* ContentView.swift */ = {isa = PBXFileReference; lastKnownFileType = sourcecode.swift; path = ContentView.swift; sourceTree = "<group>"; };
		E9AD66BB2BC45EE3004C6B4C /* Assets.xcassets */ = {isa = PBXFileReference; lastKnownFileType = folder.assetcatalog; path = Assets.xcassets; sourceTree = "<group>"; };
		E9AD66BE2BC45EE3004C6B4C /* Preview Assets.xcassets */ = {isa = PBXFileReference; lastKnownFileType = folder.assetcatalog; path = "Preview Assets.xcassets"; sourceTree = "<group>"; };
		E9AD66C02BC45EE3004C6B4C /* BrowserPicker.entitlements */ = {isa = PBXFileReference; lastKnownFileType = text.plist.entitlements; path = BrowserPicker.entitlements; sourceTree = "<group>"; };
/* End PBXFileReference section */

/* Begin PBXFrameworksBuildPhase section */
		E9AD66B12BC45EE2004C6B4C /* Frameworks */ = {
			isa = PBXFrameworksBuildPhase;
			buildActionMask = 2147483647;
			files = (
				E9AD66C82BC460B8004C6B4C /* BrowserAvailability in Frameworks */,
			);
			runOnlyForDeploymentPostprocessing = 0;
		};
/* End PBXFrameworksBuildPhase section */

/* Begin PBXGroup section */
		E9AD66AB2BC45EE2004C6B4C = {
			isa = PBXGroup;
			children = (
				E99C11022BC743CC00EC3BFA /* README.md */,
				E9AD66B62BC45EE2004C6B4C /* BrowserPicker */,
				E9AD66B52BC45EE2004C6B4C /* Products */,
			);
			sourceTree = "<group>";
		};
		E9AD66B52BC45EE2004C6B4C /* Products */ = {
			isa = PBXGroup;
			children = (
				E9AD66B42BC45EE2004C6B4C /* BrowserPicker.app */,
			);
			name = Products;
			sourceTree = "<group>";
		};
		E9AD66B62BC45EE2004C6B4C /* BrowserPicker */ = {
			isa = PBXGroup;
			children = (
				E9AD66B72BC45EE2004C6B4C /* BrowserPickerApp.swift */,
				E9AD66B92BC45EE2004C6B4C /* ContentView.swift */,
				E9AD66BB2BC45EE3004C6B4C /* Assets.xcassets */,
				E9AD66C02BC45EE3004C6B4C /* BrowserPicker.entitlements */,
				E9AD66BD2BC45EE3004C6B4C /* Preview Content */,
				E99C10FA2BC7066600EC3BFA /* BrowserEntry.swift */,
				E99C10FC2BC70CCE00EC3BFA /* BrowserDetector.swift */,
			);
			path = BrowserPicker;
			sourceTree = "<group>";
		};
		E9AD66BD2BC45EE3004C6B4C /* Preview Content */ = {
			isa = PBXGroup;
			children = (
				E9AD66BE2BC45EE3004C6B4C /* Preview Assets.xcassets */,
			);
			path = "Preview Content";
			sourceTree = "<group>";
		};
/* End PBXGroup section */

/* Begin PBXNativeTarget section */
		E9AD66B32BC45EE2004C6B4C /* BrowserPicker */ = {
			isa = PBXNativeTarget;
			buildConfigurationList = E9AD66C32BC45EE3004C6B4C /* Build configuration list for PBXNativeTarget "BrowserPicker" */;
			buildPhases = (
				E9AD66B02BC45EE2004C6B4C /* Sources */,
				E9AD66B12BC45EE2004C6B4C /* Frameworks */,
				E9AD66B22BC45EE2004C6B4C /* Resources */,
			);
			buildRules = (
			);
			dependencies = (
			);
			name = BrowserPicker;
			packageProductDependencies = (
				E9AD66C72BC460B8004C6B4C /* BrowserAvailability */,
			);
			productName = BrowserPicker;
			productReference = E9AD66B42BC45EE2004C6B4C /* BrowserPicker.app */;
			productType = "com.apple.product-type.application";
		};
/* End PBXNativeTarget section */

/* Begin PBXProject section */
		E9AD66AC2BC45EE2004C6B4C /* Project object */ = {
			isa = PBXProject;
			attributes = {
				BuildIndependentTargetsInParallel = 1;
				LastSwiftUpdateCheck = 1530;
				LastUpgradeCheck = 1530;
				TargetAttributes = {
					E9AD66B32BC45EE2004C6B4C = {
						CreatedOnToolsVersion = 15.3;
					};
				};
			};
			buildConfigurationList = E9AD66AF2BC45EE2004C6B4C /* Build configuration list for PBXProject "BrowserPicker" */;
			compatibilityVersion = "Xcode 14.0";
			developmentRegion = en;
			hasScannedForEncodings = 0;
			knownRegions = (
				en,
				Base,
			);
			mainGroup = E9AD66AB2BC45EE2004C6B4C;
			packageReferences = (
				E9AD66C62BC460B8004C6B4C /* XCRemoteSwiftPackageReference "BrowserAvailability" */,
			);
			productRefGroup = E9AD66B52BC45EE2004C6B4C /* Products */;
			projectDirPath = "";
			projectRoot = "";
			targets = (
				E9AD66B32BC45EE2004C6B4C /* BrowserPicker */,
			);
		};
/* End PBXProject section */

/* Begin PBXResourcesBuildPhase section */
		E9AD66B22BC45EE2004C6B4C /* Resources */ = {
			isa = PBXResourcesBuildPhase;
			buildActionMask = 2147483647;
			files = (
				E9AD66BF2BC45EE3004C6B4C /* Preview Assets.xcassets in Resources */,
				E9AD66BC2BC45EE3004C6B4C /* Assets.xcassets in Resources */,
			);
			runOnlyForDeploymentPostprocessing = 0;
		};
/* End PBXResourcesBuildPhase section */

/* Begin PBXSourcesBuildPhase section */
		E9AD66B02BC45EE2004C6B4C /* Sources */ = {
			isa = PBXSourcesBuildPhase;
			buildActionMask = 2147483647;
			files = (
				E99C10FB2BC7066600EC3BFA /* BrowserEntry.swift in Sources */,
				E9AD66BA2BC45EE2004C6B4C /* ContentView.swift in Sources */,
				E99C10FD2BC70CCE00EC3BFA /* BrowserDetector.swift in Sources */,
				E9AD66B82BC45EE2004C6B4C /* BrowserPickerApp.swift in Sources */,
			);
			runOnlyForDeploymentPostprocessing = 0;
		};
/* End PBXSourcesBuildPhase section */

/* Begin XCBuildConfiguration section */
		E9AD66C12BC45EE3004C6B4C /* Debug */ = {
			isa = XCBuildConfiguration;
			buildSettings = {
				ALWAYS_SEARCH_USER_PATHS = NO;
				ASSETCATALOG_COMPILER_GENERATE_SWIFT_ASSET_SYMBOL_EXTENSIONS = YES;
				CLANG_ANALYZER_NONNULL = YES;
				CLANG_ANALYZER_NUMBER_OBJECT_CONVERSION = YES_AGGRESSIVE;
				CLANG_CXX_LANGUAGE_STANDARD = "gnu++20";
				CLANG_ENABLE_MODULES = YES;
				CLANG_ENABLE_OBJC_ARC = YES;
				CLANG_ENABLE_OBJC_WEAK = YES;
				CLANG_WARN_BLOCK_CAPTURE_AUTORELEASING = YES;
				CLANG_WARN_BOOL_CONVERSION = YES;
				CLANG_WARN_COMMA = YES;
				CLANG_WARN_CONSTANT_CONVERSION = YES;
				CLANG_WARN_DEPRECATED_OBJC_IMPLEMENTATIONS = YES;
				CLANG_WARN_DIRECT_OBJC_ISA_USAGE = YES_ERROR;
				CLANG_WARN_DOCUMENTATION_COMMENTS = YES;
				CLANG_WARN_EMPTY_BODY = YES;
				CLANG_WARN_ENUM_CONVERSION = YES;
				CLANG_WARN_INFINITE_RECURSION = YES;
				CLANG_WARN_INT_CONVERSION = YES;
				CLANG_WARN_NON_LITERAL_NULL_CONVERSION = YES;
				CLANG_WARN_OBJC_IMPLICIT_RETAIN_SELF = YES;
				CLANG_WARN_OBJC_LITERAL_CONVERSION = YES;
				CLANG_WARN_OBJC_ROOT_CLASS = YES_ERROR;
				CLANG_WARN_QUOTED_INCLUDE_IN_FRAMEWORK_HEADER = YES;
				CLANG_WARN_RANGE_LOOP_ANALYSIS = YES;
				CLANG_WARN_STRICT_PROTOTYPES = YES;
				CLANG_WARN_SUSPICIOUS_MOVE = YES;
				CLANG_WARN_UNGUARDED_AVAILABILITY = YES_AGGRESSIVE;
				CLANG_WARN_UNREACHABLE_CODE = YES;
				CLANG_WARN__DUPLICATE_METHOD_MATCH = YES;
				COPY_PHASE_STRIP = NO;
				DEBUG_INFORMATION_FORMAT = dwarf;
				ENABLE_STRICT_OBJC_MSGSEND = YES;
				ENABLE_TESTABILITY = YES;
				ENABLE_USER_SCRIPT_SANDBOXING = YES;
				GCC_C_LANGUAGE_STANDARD = gnu17;
				GCC_DYNAMIC_NO_PIC = NO;
				GCC_NO_COMMON_BLOCKS = YES;
				GCC_OPTIMIZATION_LEVEL = 0;
				GCC_PREPROCESSOR_DEFINITIONS = (
					"DEBUG=1",
					"$(inherited)",
				);
				GCC_WARN_64_TO_32_BIT_CONVERSION = YES;
				GCC_WARN_ABOUT_RETURN_TYPE = YES_ERROR;
				GCC_WARN_UNDECLARED_SELECTOR = YES;
				GCC_WARN_UNINITIALIZED_AUTOS = YES_AGGRESSIVE;
				GCC_WARN_UNUSED_FUNCTION = YES;
				GCC_WARN_UNUSED_VARIABLE = YES;
				LOCALIZATION_PREFERS_STRING_CATALOGS = YES;
				MACOSX_DEPLOYMENT_TARGET = 14.4;
				MTL_ENABLE_DEBUG_INFO = INCLUDE_SOURCE;
				MTL_FAST_MATH = YES;
				ONLY_ACTIVE_ARCH = YES;
				SDKROOT = macosx;
				SWIFT_ACTIVE_COMPILATION_CONDITIONS = "DEBUG $(inherited)";
				SWIFT_OPTIMIZATION_LEVEL = "-Onone";
			};
			name = Debug;
		};
		E9AD66C22BC45EE3004C6B4C /* Release */ = {
			isa = XCBuildConfiguration;
			buildSettings = {
				ALWAYS_SEARCH_USER_PATHS = NO;
				ASSETCATALOG_COMPILER_GENERATE_SWIFT_ASSET_SYMBOL_EXTENSIONS = YES;
				CLANG_ANALYZER_NONNULL = YES;
				CLANG_ANALYZER_NUMBER_OBJECT_CONVERSION = YES_AGGRESSIVE;
				CLANG_CXX_LANGUAGE_STANDARD = "gnu++20";
				CLANG_ENABLE_MODULES = YES;
				CLANG_ENABLE_OBJC_ARC = YES;
				CLANG_ENABLE_OBJC_WEAK = YES;
				CLANG_WARN_BLOCK_CAPTURE_AUTORELEASING = YES;
				CLANG_WARN_BOOL_CONVERSION = YES;
				CLANG_WARN_COMMA = YES;
				CLANG_WARN_CONSTANT_CONVERSION = YES;
				CLANG_WARN_DEPRECATED_OBJC_IMPLEMENTATIONS = YES;
				CLANG_WARN_DIRECT_OBJC_ISA_USAGE = YES_ERROR;
				CLANG_WARN_DOCUMENTATION_COMMENTS = YES;
				CLANG_WARN_EMPTY_BODY = YES;
				CLANG_WARN_ENUM_CONVERSION = YES;
				CLANG_WARN_INFINITE_RECURSION = YES;
				CLANG_WARN_INT_CONVERSION = YES;
				CLANG_WARN_NON_LITERAL_NULL_CONVERSION = YES;
				CLANG_WARN_OBJC_IMPLICIT_RETAIN_SELF = YES;
				CLANG_WARN_OBJC_LITERAL_CONVERSION = YES;
				CLANG_WARN_OBJC_ROOT_CLASS = YES_ERROR;
				CLANG_WARN_QUOTED_INCLUDE_IN_FRAMEWORK_HEADER = YES;
				CLANG_WARN_RANGE_LOOP_ANALYSIS = YES;
				CLANG_WARN_STRICT_PROTOTYPES = YES;
				CLANG_WARN_SUSPICIOUS_MOVE = YES;
				CLANG_WARN_UNGUARDED_AVAILABILITY = YES_AGGRESSIVE;
				CLANG_WARN_UNREACHABLE_CODE = YES;
				CLANG_WARN__DUPLICATE_METHOD_MATCH = YES;
				COPY_PHASE_STRIP = NO;
				DEBUG_INFORMATION_FORMAT = "dwarf-with-dsym";
				ENABLE_NS_ASSERTIONS = NO;
				ENABLE_STRICT_OBJC_MSGSEND = YES;
				ENABLE_USER_SCRIPT_SANDBOXING = YES;
				GCC_C_LANGUAGE_STANDARD = gnu17;
				GCC_NO_COMMON_BLOCKS = YES;
				GCC_WARN_64_TO_32_BIT_CONVERSION = YES;
				GCC_WARN_ABOUT_RETURN_TYPE = YES_ERROR;
				GCC_WARN_UNDECLARED_SELECTOR = YES;
				GCC_WARN_UNINITIALIZED_AUTOS = YES_AGGRESSIVE;
				GCC_WARN_UNUSED_FUNCTION = YES;
				GCC_WARN_UNUSED_VARIABLE = YES;
				LOCALIZATION_PREFERS_STRING_CATALOGS = YES;
				MACOSX_DEPLOYMENT_TARGET = 14.4;
				MTL_ENABLE_DEBUG_INFO = NO;
				MTL_FAST_MATH = YES;
				SDKROOT = macosx;
				SWIFT_COMPILATION_MODE = wholemodule;
			};
			name = Release;
		};
		E9AD66C42BC45EE3004C6B4C /* Debug */ = {
			isa = XCBuildConfiguration;
			buildSettings = {
				ASSETCATALOG_COMPILER_APPICON_NAME = AppIcon;
				ASSETCATALOG_COMPILER_GLOBAL_ACCENT_COLOR_NAME = AccentColor;
				CODE_SIGN_ENTITLEMENTS = BrowserPicker/BrowserPicker.entitlements;
				CODE_SIGN_STYLE = Automatic;
				COMBINE_HIDPI_IMAGES = YES;
				CURRENT_PROJECT_VERSION = 1;
				DEVELOPMENT_ASSET_PATHS = "\"BrowserPicker/Preview Content\"";
				DEVELOPMENT_TEAM = QD62EL5GHG;
				ENABLE_HARDENED_RUNTIME = YES;
				ENABLE_PREVIEWS = YES;
				GENERATE_INFOPLIST_FILE = YES;
				INFOPLIST_KEY_NSHumanReadableCopyright = "";
				LD_RUNPATH_SEARCH_PATHS = (
					"$(inherited)",
					"@executable_path/../Frameworks",
				);
				MARKETING_VERSION = 1.0;
				PRODUCT_BUNDLE_IDENTIFIER = dk.codepod.BrowserPicker;
				PRODUCT_NAME = "$(TARGET_NAME)";
				SWIFT_EMIT_LOC_STRINGS = YES;
				SWIFT_VERSION = 5.0;
			};
			name = Debug;
		};
		E9AD66C52BC45EE3004C6B4C /* Release */ = {
			isa = XCBuildConfiguration;
			buildSettings = {
				ASSETCATALOG_COMPILER_APPICON_NAME = AppIcon;
				ASSETCATALOG_COMPILER_GLOBAL_ACCENT_COLOR_NAME = AccentColor;
				CODE_SIGN_ENTITLEMENTS = BrowserPicker/BrowserPicker.entitlements;
				CODE_SIGN_STYLE = Automatic;
				COMBINE_HIDPI_IMAGES = YES;
				CURRENT_PROJECT_VERSION = 1;
				DEVELOPMENT_ASSET_PATHS = "\"BrowserPicker/Preview Content\"";
				DEVELOPMENT_TEAM = QD62EL5GHG;
				ENABLE_HARDENED_RUNTIME = YES;
				ENABLE_PREVIEWS = YES;
				GENERATE_INFOPLIST_FILE = YES;
				INFOPLIST_KEY_NSHumanReadableCopyright = "";
				LD_RUNPATH_SEARCH_PATHS = (
					"$(inherited)",
					"@executable_path/../Frameworks",
				);
				MARKETING_VERSION = 1.0;
				PRODUCT_BUNDLE_IDENTIFIER = dk.codepod.BrowserPicker;
				PRODUCT_NAME = "$(TARGET_NAME)";
				SWIFT_EMIT_LOC_STRINGS = YES;
				SWIFT_VERSION = 5.0;
			};
			name = Release;
		};
/* End XCBuildConfiguration section */

/* Begin XCConfigurationList section */
		E9AD66AF2BC45EE2004C6B4C /* Build configuration list for PBXProject "BrowserPicker" */ = {
			isa = XCConfigurationList;
			buildConfigurations = (
				E9AD66C12BC45EE3004C6B4C /* Debug */,
				E9AD66C22BC45EE3004C6B4C /* Release */,
			);
			defaultConfigurationIsVisible = 0;
			defaultConfigurationName = Release;
		};
		E9AD66C32BC45EE3004C6B4C /* Build configuration list for PBXNativeTarget "BrowserPicker" */ = {
			isa = XCConfigurationList;
			buildConfigurations = (
				E9AD66C42BC45EE3004C6B4C /* Debug */,
				E9AD66C52BC45EE3004C6B4C /* Release */,
			);
			defaultConfigurationIsVisible = 0;
			defaultConfigurationName = Release;
		};
/* End XCConfigurationList section */

/* Begin XCRemoteSwiftPackageReference section */
		E9AD66C62BC460B8004C6B4C /* XCRemoteSwiftPackageReference "BrowserAvailability" */ = {
			isa = XCRemoteSwiftPackageReference;
			repositoryURL = "https://github.com/timtwotoes/BrowserAvailability";
			requirement = {
				kind = upToNextMajorVersion;
				minimumVersion = 1.0.0;
			};
		};
/* End XCRemoteSwiftPackageReference section */

/* Begin XCSwiftPackageProductDependency section */
		E9AD66C72BC460B8004C6B4C /* BrowserAvailability */ = {
			isa = XCSwiftPackageProductDependency;
			package = E9AD66C62BC460B8004C6B4C /* XCRemoteSwiftPackageReference "BrowserAvailability" */;
			productName = BrowserAvailability;
		};
/* End XCSwiftPackageProductDependency section */
	};
	rootObject = E9AD66AC2BC45EE2004C6B4C /* Project object */;
}
